
Microsoft Visual Studio Solution File, Format Version 12.00
# Visual Studio Version 16
VisualStudioVersion = 16.0.33927.289
MinimumVisualStudioVersion = 10.0.40219.1
Project("{FAE04EC0-301F-11D3-BF4B-00C04F79EFBC}") = "Tyuiu.IvanovSI.Sprint5.Review.V14.Lib", "Tyuiu.IvanovSI.Sprint5.Review.V14.Lib\Tyuiu.IvanovSI.Sprint5.Review.V14.Lib.csproj", "{7A3B63B9-58C0-4091-A34C-397FB24031C5}"
EndProject
Project("{FAE04EC0-301F-11D3-BF4B-00C04F79EFBC}") = "Tyuiu.IvanovSI.Sprint5.Review.V14.Test", "Tyuiu.IvanovSI.Sprint5.Review.V14.Test\Tyuiu.IvanovSI.Sprint5.Review.V14.Test.csproj", "{205080A3-2BD5-4BE5-8072-0A63FD7E2C6F}"
EndProject
Project("{FAE04EC0-301F-11D3-BF4B-00C04F79EFBC}") = "Tyuiu.IvanovSI.Sprint5.Review.V14", "Tyuiu.IvanovSI.Sprint5.Review.V14\Tyuiu.IvanovSI.Sprint5.Review.V14.csproj", "{6966C95E-3AB5-464C-B546-1FD71EE1EE3F}"
EndProject
Global
	GlobalSection(SolutionConfigurationPlatforms) = preSolution
		Debug|Any CPU = Debug|Any CPU
		Release|Any CPU = Release|Any CPU
	EndGlobalSection
	GlobalSection(ProjectConfigurationPlatforms) = postSolution
		{7A3B63B9-58C0-4091-A34C-397FB24031C5}.Debug|Any CPU.ActiveCfg = Debug|Any CPU
		{7A3B63B9-58C0-4091-A34C-397FB24031C5}.Debug|Any CPU.Build.0 = Debug|Any CPU
		{7A3B63B9-58C0-4091-A34C-397FB24031C5}.Release|Any CPU.ActiveCfg = Release|Any CPU
		{7A3B63B9-58C0-4091-A34C-397FB24031C5}.Release|Any CPU.Build.0 = Release|Any CPU
		{205080A3-2BD5-4BE5-8072-0A63FD7E2C6F}.Debug|Any CPU.ActiveCfg = Debug|Any CPU
		{205080A3-2BD5-4BE5-8072-0A63FD7E2C6F}.Debug|Any CPU.Build.0 = Debug|Any CPU
		{205080A3-2BD5-4BE5-8072-0A63FD7E2C6F}.Release|Any CPU.ActiveCfg = Release|Any CPU
		{205080A3-2BD5-4BE5-8072-0A63FD7E2C6F}.Release|Any CPU.Build.0 = Release|Any CPU
		{6966C95E-3AB5-464C-B546-1FD71EE1EE3F}.Debug|Any CPU.ActiveCfg = Debug|Any CPU
		{6966C95E-3AB5-464C-B546-1FD71EE1EE3F}.Debug|Any CPU.Build.0 = Debug|Any CPU
		{6966C95E-3AB5-464C-B546-1FD71EE1EE3F}.Release|Any CPU.ActiveCfg = Release|Any CPU
		{6966C95E-3AB5-464C-B546-1FD71EE1EE3F}.Release|Any CPU.Build.0 = Release|Any CPU
	EndGlobalSection
	GlobalSection(SolutionProperties) = preSolution
		HideSolutionNode = FALSE
	EndGlobalSection
	GlobalSection(ExtensibilityGlobals) = postSolution
		SolutionGuid = {4DF9CC00-D95D-4CF6-8A0C-26D3A838C30B}
	EndGlobalSection
EndGlobal
